
Microsoft Visual Studio Solution File, Format Version 12.00
# Visual Studio Version 17
VisualStudioVersion = 17.8.34330.188
MinimumVisualStudioVersion = 10.0.40219.1
Project("{FAE04EC0-301F-11D3-BF4B-00C04F79EFBC}") = "uicontrols.Server", "uicontrols\Server\uicontrols.Server.csproj", "{EC75464C-F556-4D01-A83A-19B76FB46589}"
EndProject
Project("{FAE04EC0-301F-11D3-BF4B-00C04F79EFBC}") = "uicontrols.Client", "uicontrols\Client\uicontrols.Client.csproj", "{DC6E3540-89E2-4638-9B2C-F86C8DB1F781}"
EndProject
Project("{FAE04EC0-301F-11D3-BF4B-00C04F79EFBC}") = "uicontrols.Shared", "uicontrols\Shared\uicontrols.Shared.csproj", "{3EE6E63E-C6D3-4372-B61B-0AD85D0366F2}"
EndProject
Global
	GlobalSection(SolutionConfigurationPlatforms) = preSolution
		Debug|Any CPU = Debug|Any CPU
		Release|Any CPU = Release|Any CPU
	EndGlobalSection
	GlobalSection(ProjectConfigurationPlatforms) = postSolution
		{EC75464C-F556-4D01-A83A-19B76FB46589}.Debug|Any CPU.ActiveCfg = Debug|Any CPU
		{EC75464C-F556-4D01-A83A-19B76FB46589}.Debug|Any CPU.Build.0 = Debug|Any CPU
		{EC75464C-F556-4D01-A83A-19B76FB46589}.Release|Any CPU.ActiveCfg = Release|Any CPU
		{EC75464C-F556-4D01-A83A-19B76FB46589}.Release|Any CPU.Build.0 = Release|Any CPU
		{DC6E3540-89E2-4638-9B2C-F86C8DB1F781}.Debug|Any CPU.ActiveCfg = Debug|Any CPU
		{DC6E3540-89E2-4638-9B2C-F86C8DB1F781}.Debug|Any CPU.Build.0 = Debug|Any CPU
		{DC6E3540-89E2-4638-9B2C-F86C8DB1F781}.Release|Any CPU.ActiveCfg = Release|Any CPU
		{DC6E3540-89E2-4638-9B2C-F86C8DB1F781}.Release|Any CPU.Build.0 = Release|Any CPU
		{3EE6E63E-C6D3-4372-B61B-0AD85D0366F2}.Debug|Any CPU.ActiveCfg = Debug|Any CPU
		{3EE6E63E-C6D3-4372-B61B-0AD85D0366F2}.Debug|Any CPU.Build.0 = Debug|Any CPU
		{3EE6E63E-C6D3-4372-B61B-0AD85D0366F2}.Release|Any CPU.ActiveCfg = Release|Any CPU
		{3EE6E63E-C6D3-4372-B61B-0AD85D0366F2}.Release|Any CPU.Build.0 = Release|Any CPU
	EndGlobalSection
	GlobalSection(SolutionProperties) = preSolution
		HideSolutionNode = FALSE
	EndGlobalSection
	GlobalSection(ExtensibilityGlobals) = postSolution
		SolutionGuid = {248E663B-3F43-4563-B7EF-EEC1046DE918}
	EndGlobalSection
EndGlobal
